
Microsoft Visual Studio Solution File, Format Version 12.00
# Visual Studio Version 16
VisualStudioVersion = 16.0.31005.135
MinimumVisualStudioVersion = 10.0.40219.1
Project("{FAE04EC0-301F-11D3-BF4B-00C04F79EFBC}") = "school_project.app", "school_project.app\school_project.app.csproj", "{BBE55B0D-4EF8-4C23-A98D-9BA1DAD4AC11}"
EndProject
Global
	GlobalSection(SolutionConfigurationPlatforms) = preSolution
		Debug|Any CPU = Debug|Any CPU
		Release|Any CPU = Release|Any CPU
	EndGlobalSection
	GlobalSection(ProjectConfigurationPlatforms) = postSolution
		{BBE55B0D-4EF8-4C23-A98D-9BA1DAD4AC11}.Debug|Any CPU.ActiveCfg = Debug|Any CPU
		{BBE55B0D-4EF8-4C23-A98D-9BA1DAD4AC11}.Debug|Any CPU.Build.0 = Debug|Any CPU
		{BBE55B0D-4EF8-4C23-A98D-9BA1DAD4AC11}.Release|Any CPU.ActiveCfg = Release|Any CPU
		{BBE55B0D-4EF8-4C23-A98D-9BA1DAD4AC11}.Release|Any CPU.Build.0 = Release|Any CPU
	EndGlobalSection
	GlobalSection(SolutionProperties) = preSolution
		HideSolutionNode = FALSE
	EndGlobalSection
	GlobalSection(ExtensibilityGlobals) = postSolution
		SolutionGuid = {FE27A7CD-4FA9-4255-8882-F08370D3049B}
	EndGlobalSection
EndGlobal
